
Microsoft Visual Studio Solution File, Format Version 12.00
# Visual Studio 15
VisualStudioVersion = 15.0.28307.572
MinimumVisualStudioVersion = 10.0.40219.1
Project("{FAE04EC0-301F-11D3-BF4B-00C04F79EFBC}") = "EvaluacionTecnica.Web", "EvaluacionTecnica.Web\EvaluacionTecnica.Web.csproj", "{4A75A233-BC1D-4241-AC7D-3B80657FF492}"
EndProject
Project("{FAE04EC0-301F-11D3-BF4B-00C04F79EFBC}") = "EvaluacionTecnica.Domain", "EvaluacionTecnica.Domain\EvaluacionTecnica.Domain.csproj", "{7B081482-FDCC-42C7-A366-80311BD5580A}"
EndProject
Project("{FAE04EC0-301F-11D3-BF4B-00C04F79EFBC}") = "EvaluacionTecnica.Services", "EvaluacionTecnica.Services\EvaluacionTecnica.Services.csproj", "{8C90B7F1-A375-4118-BE59-70C2A2C58968}"
EndProject
Global
	GlobalSection(SolutionConfigurationPlatforms) = preSolution
		Debug|Any CPU = Debug|Any CPU
		Release|Any CPU = Release|Any CPU
	EndGlobalSection
	GlobalSection(ProjectConfigurationPlatforms) = postSolution
		{4A75A233-BC1D-4241-AC7D-3B80657FF492}.Debug|Any CPU.ActiveCfg = Debug|Any CPU
		{4A75A233-BC1D-4241-AC7D-3B80657FF492}.Debug|Any CPU.Build.0 = Debug|Any CPU
		{4A75A233-BC1D-4241-AC7D-3B80657FF492}.Release|Any CPU.ActiveCfg = Release|Any CPU
		{4A75A233-BC1D-4241-AC7D-3B80657FF492}.Release|Any CPU.Build.0 = Release|Any CPU
		{7B081482-FDCC-42C7-A366-80311BD5580A}.Debug|Any CPU.ActiveCfg = Debug|Any CPU
		{7B081482-FDCC-42C7-A366-80311BD5580A}.Debug|Any CPU.Build.0 = Debug|Any CPU
		{7B081482-FDCC-42C7-A366-80311BD5580A}.Release|Any CPU.ActiveCfg = Release|Any CPU
		{7B081482-FDCC-42C7-A366-80311BD5580A}.Release|Any CPU.Build.0 = Release|Any CPU
		{8C90B7F1-A375-4118-BE59-70C2A2C58968}.Debug|Any CPU.ActiveCfg = Debug|Any CPU
		{8C90B7F1-A375-4118-BE59-70C2A2C58968}.Debug|Any CPU.Build.0 = Debug|Any CPU
		{8C90B7F1-A375-4118-BE59-70C2A2C58968}.Release|Any CPU.ActiveCfg = Release|Any CPU
		{8C90B7F1-A375-4118-BE59-70C2A2C58968}.Release|Any CPU.Build.0 = Release|Any CPU
	EndGlobalSection
	GlobalSection(SolutionProperties) = preSolution
		HideSolutionNode = FALSE
	EndGlobalSection
	GlobalSection(ExtensibilityGlobals) = postSolution
		SolutionGuid = {47716D88-6C06-4325-B4D4-A35C6E28B6FC}
	EndGlobalSection
EndGlobal
